
Microsoft Visual Studio Solution File, Format Version 12.00
# Visual Studio Version 17
VisualStudioVersion = 17.3.32929.385
MinimumVisualStudioVersion = 10.0.40219.1
Project("{FAE04EC0-301F-11D3-BF4B-00C04F79EFBC}") = "UartAssist", "UartAssist\UartAssist.csproj", "{98080243-ED04-4BB9-B695-8D202F042473}"
EndProject
Project("{FAE04EC0-301F-11D3-BF4B-00C04F79EFBC}") = "MyCustomControlLib", "MyCustomControlLib\MyCustomControlLib.csproj", "{02DBB47F-818C-4624-86F3-7A68F23C1BCB}"
EndProject
Global
	GlobalSection(SolutionConfigurationPlatforms) = preSolution
		Debug|Any CPU = Debug|Any CPU
		Release|Any CPU = Release|Any CPU
	EndGlobalSection
	GlobalSection(ProjectConfigurationPlatforms) = postSolution
		{98080243-ED04-4BB9-B695-8D202F042473}.Debug|Any CPU.ActiveCfg = Debug|Any CPU
		{98080243-ED04-4BB9-B695-8D202F042473}.Debug|Any CPU.Build.0 = Debug|Any CPU
		{98080243-ED04-4BB9-B695-8D202F042473}.Release|Any CPU.ActiveCfg = Release|Any CPU
		{98080243-ED04-4BB9-B695-8D202F042473}.Release|Any CPU.Build.0 = Release|Any CPU
		{02DBB47F-818C-4624-86F3-7A68F23C1BCB}.Debug|Any CPU.ActiveCfg = Debug|Any CPU
		{02DBB47F-818C-4624-86F3-7A68F23C1BCB}.Debug|Any CPU.Build.0 = Debug|Any CPU
		{02DBB47F-818C-4624-86F3-7A68F23C1BCB}.Release|Any CPU.ActiveCfg = Release|Any CPU
		{02DBB47F-818C-4624-86F3-7A68F23C1BCB}.Release|Any CPU.Build.0 = Release|Any CPU
	EndGlobalSection
	GlobalSection(SolutionProperties) = preSolution
		HideSolutionNode = FALSE
	EndGlobalSection
	GlobalSection(ExtensibilityGlobals) = postSolution
		SolutionGuid = {928A1ACF-D25E-400E-9DA7-4A32A6EE8DE6}
	EndGlobalSection
EndGlobal
